
Microsoft Visual Studio Solution File, Format Version 12.00
# Visual Studio Version 17
VisualStudioVersion = 17.2.32519.379
MinimumVisualStudioVersion = 10.0.40219.1
Project("{9A19103F-16F7-4668-BE54-9A1E7A4F7556}") = "RabbitSubscriberWorkerService", "RabbitSubscriberWorkerService\RabbitSubscriberWorkerService.csproj", "{C2ACB867-193F-4BC1-A858-0464487FA5F3}"
EndProject
Project("{9A19103F-16F7-4668-BE54-9A1E7A4F7556}") = "RabbitSubscriberWorkerService.Messaging", "RabbitSubscriberWorkerService.Messaging\RabbitSubscriberWorkerService.Messaging.csproj", "{14442EE8-3E0D-437C-A4D0-D68ED6A3927E}"
EndProject
Project("{9A19103F-16F7-4668-BE54-9A1E7A4F7556}") = "RabbitSubscriberWorkerService.Domain.Objects", "RabbitSubscriberWorkerService.Domain.Objects\RabbitSubscriberWorkerService.Domain.Objects.csproj", "{2DD6DB96-A337-4A76-94B3-5D73EC2EB769}"
EndProject
Project("{FAE04EC0-301F-11D3-BF4B-00C04F79EFBC}") = "RabbitSubscriberWorkerService.Contract", "RabbitSubscriberWorkerService.Contract\RabbitSubscriberWorkerService.Contract.csproj", "{58B8E141-B4B5-458A-9694-1C89AC181C68}"
EndProject
Project("{FAE04EC0-301F-11D3-BF4B-00C04F79EFBC}") = "RabbitSubscriberWorkerService.Impl", "RabbitSubscriberWorkerService.Impl\RabbitSubscriberWorkerService.Impl.csproj", "{05B54DC3-B2D4-4ED1-8E5E-14BB162CDB82}"
EndProject
Global
	GlobalSection(SolutionConfigurationPlatforms) = preSolution
		Debug|Any CPU = Debug|Any CPU
		Release|Any CPU = Release|Any CPU
	EndGlobalSection
	GlobalSection(ProjectConfigurationPlatforms) = postSolution
		{C2ACB867-193F-4BC1-A858-0464487FA5F3}.Debug|Any CPU.ActiveCfg = Debug|Any CPU
		{C2ACB867-193F-4BC1-A858-0464487FA5F3}.Debug|Any CPU.Build.0 = Debug|Any CPU
		{C2ACB867-193F-4BC1-A858-0464487FA5F3}.Release|Any CPU.ActiveCfg = Release|Any CPU
		{C2ACB867-193F-4BC1-A858-0464487FA5F3}.Release|Any CPU.Build.0 = Release|Any CPU
		{14442EE8-3E0D-437C-A4D0-D68ED6A3927E}.Debug|Any CPU.ActiveCfg = Debug|Any CPU
		{14442EE8-3E0D-437C-A4D0-D68ED6A3927E}.Debug|Any CPU.Build.0 = Debug|Any CPU
		{14442EE8-3E0D-437C-A4D0-D68ED6A3927E}.Release|Any CPU.ActiveCfg = Release|Any CPU
		{14442EE8-3E0D-437C-A4D0-D68ED6A3927E}.Release|Any CPU.Build.0 = Release|Any CPU
		{2DD6DB96-A337-4A76-94B3-5D73EC2EB769}.Debug|Any CPU.ActiveCfg = Debug|Any CPU
		{2DD6DB96-A337-4A76-94B3-5D73EC2EB769}.Debug|Any CPU.Build.0 = Debug|Any CPU
		{2DD6DB96-A337-4A76-94B3-5D73EC2EB769}.Release|Any CPU.ActiveCfg = Release|Any CPU
		{2DD6DB96-A337-4A76-94B3-5D73EC2EB769}.Release|Any CPU.Build.0 = Release|Any CPU
		{58B8E141-B4B5-458A-9694-1C89AC181C68}.Debug|Any CPU.ActiveCfg = Debug|Any CPU
		{58B8E141-B4B5-458A-9694-1C89AC181C68}.Debug|Any CPU.Build.0 = Debug|Any CPU
		{58B8E141-B4B5-458A-9694-1C89AC181C68}.Release|Any CPU.ActiveCfg = Release|Any CPU
		{58B8E141-B4B5-458A-9694-1C89AC181C68}.Release|Any CPU.Build.0 = Release|Any CPU
		{05B54DC3-B2D4-4ED1-8E5E-14BB162CDB82}.Debug|Any CPU.ActiveCfg = Debug|Any CPU
		{05B54DC3-B2D4-4ED1-8E5E-14BB162CDB82}.Debug|Any CPU.Build.0 = Debug|Any CPU
		{05B54DC3-B2D4-4ED1-8E5E-14BB162CDB82}.Release|Any CPU.ActiveCfg = Release|Any CPU
		{05B54DC3-B2D4-4ED1-8E5E-14BB162CDB82}.Release|Any CPU.Build.0 = Release|Any CPU
	EndGlobalSection
	GlobalSection(SolutionProperties) = preSolution
		HideSolutionNode = FALSE
	EndGlobalSection
	GlobalSection(ExtensibilityGlobals) = postSolution
		SolutionGuid = {B107B095-22A1-4D69-8EFD-5CB0EA6DBC25}
	EndGlobalSection
EndGlobal
